
Microsoft Visual Studio Solution File, Format Version 12.00
# Visual Studio 15
VisualStudioVersion = 15.0.28010.2003
MinimumVisualStudioVersion = 10.0.40219.1
Project("{8BC9CEB8-8B4A-11D0-8D11-00A0C91BC942}") = "RisLib", "RisLib\RisLib.vcxproj", "{CD27243E-299E-4E44-AA52-4314CB2B9D98}"
EndProject
Project("{2150E333-8FDC-42A3-9474-1A3956D46DE8}") = "src", "src", "{B1F7A13D-E4B6-4E39-8131-05803A4B7408}"
	ProjectSection(SolutionItems) = preProject
		src\aaa_copy_files.bat = src\aaa_copy_files.bat
		src\logFiles_linux.cpp = src\logFiles_linux.cpp
		src\prnPrint_linux.cpp = src\prnPrint_linux.cpp
		src\ris_priorities_linux.cpp = src\ris_priorities_linux.cpp
		src\risAlphaDir_linux.cpp = src\risAlphaDir_linux.cpp
		src\risPortableCalls_linux.cpp = src\risPortableCalls_linux.cpp
		src\risSockets_linux.cpp = src\risSockets_linux.cpp
		src\risThreadsProcess_linux.cpp = src\risThreadsProcess_linux.cpp
		src\risThreadsSynch_linux.cpp = src\risThreadsSynch_linux.cpp
		src\risThreadsThreads_linux.cpp = src\risThreadsThreads_linux.cpp
		src\risThreadsTimer_linux.cpp = src\risThreadsTimer_linux.cpp
	EndProjectSection
EndProject
Project("{8BC9CEB8-8B4A-11D0-8D11-00A0C91BC942}") = "Test", "Test\Test.vcxproj", "{1D1A4E6D-DCED-4030-98D0-F63437B663BE}"
EndProject
Project("{8BC9CEB8-8B4A-11D0-8D11-00A0C91BC942}") = "AlphaTest", "AlphaTest\AlphaTest.vcxproj", "{22E6F72C-6E05-4078-B7E7-9F863E7A192B}"
	ProjectSection(ProjectDependencies) = postProject
		{CD27243E-299E-4E44-AA52-4314CB2B9D98} = {CD27243E-299E-4E44-AA52-4314CB2B9D98}
	EndProjectSection
EndProject
Project("{2150E333-8FDC-42A3-9474-1A3956D46DE8}") = "Files", "Files", "{1FF92531-55BC-44B7-90C4-ADF3B1F53FD2}"
	ProjectSection(SolutionItems) = preProject
		Files\RisParms_Parms.txt = Files\RisParms_Parms.txt
	EndProjectSection
EndProject
Project("{8BC9CEB8-8B4A-11D0-8D11-00A0C91BC942}") = "Parms", "Parms\Parms.vcxproj", "{5FAD8580-FC8B-4F30-AF45-676B54AFED5B}"
	ProjectSection(ProjectDependencies) = postProject
		{CD27243E-299E-4E44-AA52-4314CB2B9D98} = {CD27243E-299E-4E44-AA52-4314CB2B9D98}
	EndProjectSection
EndProject
Project("{8BC9CEB8-8B4A-11D0-8D11-00A0C91BC942}") = "ThreadSample", "ThreadSample\ThreadSample.vcxproj", "{F6F5F3CA-DB75-475D-B415-75DAE7C25C8F}"
	ProjectSection(ProjectDependencies) = postProject
		{CD27243E-299E-4E44-AA52-4314CB2B9D98} = {CD27243E-299E-4E44-AA52-4314CB2B9D98}
		{88B538A6-7F9A-47E3-97BF-C88AB3B828F4} = {88B538A6-7F9A-47E3-97BF-C88AB3B828F4}
	EndProjectSection
EndProject
Project("{8BC9CEB8-8B4A-11D0-8D11-00A0C91BC942}") = "TimerThreadTest", "TimerThreadTest\TimerThreadTest.vcxproj", "{1397A7C0-D79D-4F11-B7D8-070A204D54E1}"
	ProjectSection(ProjectDependencies) = postProject
		{CD27243E-299E-4E44-AA52-4314CB2B9D98} = {CD27243E-299E-4E44-AA52-4314CB2B9D98}
	EndProjectSection
EndProject
Project("{8BC9CEB8-8B4A-11D0-8D11-00A0C91BC942}") = "ProtoTcpServer", "ProtoTcpServer\ProtoTcpServer.vcxproj", "{94C0AD60-8AC8-4FA8-99A5-5B0A73B87A94}"
	ProjectSection(ProjectDependencies) = postProject
		{CD27243E-299E-4E44-AA52-4314CB2B9D98} = {CD27243E-299E-4E44-AA52-4314CB2B9D98}
	EndProjectSection
EndProject
Project("{8BC9CEB8-8B4A-11D0-8D11-00A0C91BC942}") = "CommonLib", "CommonLib\CommonLib.vcxproj", "{88B538A6-7F9A-47E3-97BF-C88AB3B828F4}"
	ProjectSection(ProjectDependencies) = postProject
		{CD27243E-299E-4E44-AA52-4314CB2B9D98} = {CD27243E-299E-4E44-AA52-4314CB2B9D98}
	EndProjectSection
EndProject
Project("{8BC9CEB8-8B4A-11D0-8D11-00A0C91BC942}") = "PrintTest", "PrintTest\PrintTest.vcxproj", "{D0D1E9E7-CAB0-4DDA-B529-F59323B143FB}"
	ProjectSection(ProjectDependencies) = postProject
		{CD27243E-299E-4E44-AA52-4314CB2B9D98} = {CD27243E-299E-4E44-AA52-4314CB2B9D98}
	EndProjectSection
EndProject
Project("{8BC9CEB8-8B4A-11D0-8D11-00A0C91BC942}") = "ProtoUdp", "ProtoUdp\ProtoUdp.vcxproj", "{8A2DBDF1-14A8-4A75-BA6C-F81F53F94433}"
	ProjectSection(ProjectDependencies) = postProject
		{CD27243E-299E-4E44-AA52-4314CB2B9D98} = {CD27243E-299E-4E44-AA52-4314CB2B9D98}
	EndProjectSection
EndProject
Project("{8BC9CEB8-8B4A-11D0-8D11-00A0C91BC942}") = "ThreadTest", "ThreadTest\ThreadTest.vcxproj", "{7DD8EAE4-918A-470C-9889-FCDCEF3735B8}"
	ProjectSection(ProjectDependencies) = postProject
		{CD27243E-299E-4E44-AA52-4314CB2B9D98} = {CD27243E-299E-4E44-AA52-4314CB2B9D98}
		{88B538A6-7F9A-47E3-97BF-C88AB3B828F4} = {88B538A6-7F9A-47E3-97BF-C88AB3B828F4}
	EndProjectSection
EndProject
Project("{8BC9CEB8-8B4A-11D0-8D11-00A0C91BC942}") = "ThreadServices", "ThreadServices\ThreadServices.vcxproj", "{BC8CEA4E-71CC-4E89-BB16-EE5DC57A1BE1}"
	ProjectSection(ProjectDependencies) = postProject
		{CD27243E-299E-4E44-AA52-4314CB2B9D98} = {CD27243E-299E-4E44-AA52-4314CB2B9D98}
		{88B538A6-7F9A-47E3-97BF-C88AB3B828F4} = {88B538A6-7F9A-47E3-97BF-C88AB3B828F4}
	EndProjectSection
EndProject
Project("{8BC9CEB8-8B4A-11D0-8D11-00A0C91BC942}") = "TimerTest", "TimerTest\TimerTest.vcxproj", "{E45A6A11-F5D9-4156-80CC-647A48C17CD8}"
	ProjectSection(ProjectDependencies) = postProject
		{CD27243E-299E-4E44-AA52-4314CB2B9D98} = {CD27243E-299E-4E44-AA52-4314CB2B9D98}
		{88B538A6-7F9A-47E3-97BF-C88AB3B828F4} = {88B538A6-7F9A-47E3-97BF-C88AB3B828F4}
	EndProjectSection
EndProject
Project("{8BC9CEB8-8B4A-11D0-8D11-00A0C91BC942}") = "ConsoleTest", "ConsoleTest\ConsoleTest.vcxproj", "{5646D9E0-11DD-4959-9E40-B5EAB24AD9AC}"
	ProjectSection(ProjectDependencies) = postProject
		{CD27243E-299E-4E44-AA52-4314CB2B9D98} = {CD27243E-299E-4E44-AA52-4314CB2B9D98}
	EndProjectSection
EndProject
Project("{8BC9CEB8-8B4A-11D0-8D11-00A0C91BC942}") = "CmdLineTest1", "CmdLineTest1\CmdLineTest1.vcxproj", "{FB360DF4-D7E6-4360-A08A-583013D48D3F}"
EndProject
Global
	GlobalSection(SolutionConfigurationPlatforms) = preSolution
		Debug|ARM = Debug|ARM
		Debug|ARM64 = Debug|ARM64
		Debug|x64 = Debug|x64
		Debug|x86 = Debug|x86
		Release|ARM = Release|ARM
		Release|ARM64 = Release|ARM64
		Release|x64 = Release|x64
		Release|x86 = Release|x86
	EndGlobalSection
	GlobalSection(ProjectConfigurationPlatforms) = postSolution
		{CD27243E-299E-4E44-AA52-4314CB2B9D98}.Debug|ARM.ActiveCfg = Release|ARM
		{CD27243E-299E-4E44-AA52-4314CB2B9D98}.Debug|ARM.Build.0 = Release|ARM
		{CD27243E-299E-4E44-AA52-4314CB2B9D98}.Debug|ARM64.ActiveCfg = Release|ARM64
		{CD27243E-299E-4E44-AA52-4314CB2B9D98}.Debug|ARM64.Build.0 = Release|ARM64
		{CD27243E-299E-4E44-AA52-4314CB2B9D98}.Debug|x64.ActiveCfg = Release|x64
		{CD27243E-299E-4E44-AA52-4314CB2B9D98}.Debug|x64.Build.0 = Release|x64
		{CD27243E-299E-4E44-AA52-4314CB2B9D98}.Debug|x86.ActiveCfg = Release|x86
		{CD27243E-299E-4E44-AA52-4314CB2B9D98}.Debug|x86.Build.0 = Release|x86
		{CD27243E-299E-4E44-AA52-4314CB2B9D98}.Release|ARM.ActiveCfg = Release|ARM
		{CD27243E-299E-4E44-AA52-4314CB2B9D98}.Release|ARM.Build.0 = Release|ARM
		{CD27243E-299E-4E44-AA52-4314CB2B9D98}.Release|ARM64.ActiveCfg = Release|ARM64
		{CD27243E-299E-4E44-AA52-4314CB2B9D98}.Release|ARM64.Build.0 = Release|ARM64
		{CD27243E-299E-4E44-AA52-4314CB2B9D98}.Release|x64.ActiveCfg = Release|x64
		{CD27243E-299E-4E44-AA52-4314CB2B9D98}.Release|x64.Build.0 = Release|x64
		{CD27243E-299E-4E44-AA52-4314CB2B9D98}.Release|x86.ActiveCfg = Release|x86
		{CD27243E-299E-4E44-AA52-4314CB2B9D98}.Release|x86.Build.0 = Release|x86
		{1D1A4E6D-DCED-4030-98D0-F63437B663BE}.Debug|ARM.ActiveCfg = Release|ARM
		{1D1A4E6D-DCED-4030-98D0-F63437B663BE}.Debug|ARM.Build.0 = Release|ARM
		{1D1A4E6D-DCED-4030-98D0-F63437B663BE}.Debug|ARM64.ActiveCfg = Release|ARM64
		{1D1A4E6D-DCED-4030-98D0-F63437B663BE}.Debug|ARM64.Build.0 = Release|ARM64
		{1D1A4E6D-DCED-4030-98D0-F63437B663BE}.Debug|x64.ActiveCfg = Release|x64
		{1D1A4E6D-DCED-4030-98D0-F63437B663BE}.Debug|x64.Build.0 = Release|x64
		{1D1A4E6D-DCED-4030-98D0-F63437B663BE}.Debug|x86.ActiveCfg = Release|x86
		{1D1A4E6D-DCED-4030-98D0-F63437B663BE}.Debug|x86.Build.0 = Release|x86
		{1D1A4E6D-DCED-4030-98D0-F63437B663BE}.Release|ARM.ActiveCfg = Release|ARM
		{1D1A4E6D-DCED-4030-98D0-F63437B663BE}.Release|ARM.Build.0 = Release|ARM
		{1D1A4E6D-DCED-4030-98D0-F63437B663BE}.Release|ARM64.ActiveCfg = Release|ARM64
		{1D1A4E6D-DCED-4030-98D0-F63437B663BE}.Release|ARM64.Build.0 = Release|ARM64
		{1D1A4E6D-DCED-4030-98D0-F63437B663BE}.Release|x64.ActiveCfg = Release|x64
		{1D1A4E6D-DCED-4030-98D0-F63437B663BE}.Release|x64.Build.0 = Release|x64
		{1D1A4E6D-DCED-4030-98D0-F63437B663BE}.Release|x86.ActiveCfg = Release|x86
		{1D1A4E6D-DCED-4030-98D0-F63437B663BE}.Release|x86.Build.0 = Release|x86
		{22E6F72C-6E05-4078-B7E7-9F863E7A192B}.Debug|ARM.ActiveCfg = Release|ARM
		{22E6F72C-6E05-4078-B7E7-9F863E7A192B}.Debug|ARM.Build.0 = Release|ARM
		{22E6F72C-6E05-4078-B7E7-9F863E7A192B}.Debug|ARM64.ActiveCfg = Release|ARM64
		{22E6F72C-6E05-4078-B7E7-9F863E7A192B}.Debug|ARM64.Build.0 = Release|ARM64
		{22E6F72C-6E05-4078-B7E7-9F863E7A192B}.Debug|x64.ActiveCfg = Release|x64
		{22E6F72C-6E05-4078-B7E7-9F863E7A192B}.Debug|x64.Build.0 = Release|x64
		{22E6F72C-6E05-4078-B7E7-9F863E7A192B}.Debug|x86.ActiveCfg = Release|x86
		{22E6F72C-6E05-4078-B7E7-9F863E7A192B}.Debug|x86.Build.0 = Release|x86
		{22E6F72C-6E05-4078-B7E7-9F863E7A192B}.Release|ARM.ActiveCfg = Release|ARM
		{22E6F72C-6E05-4078-B7E7-9F863E7A192B}.Release|ARM.Build.0 = Release|ARM
		{22E6F72C-6E05-4078-B7E7-9F863E7A192B}.Release|ARM64.ActiveCfg = Release|ARM64
		{22E6F72C-6E05-4078-B7E7-9F863E7A192B}.Release|ARM64.Build.0 = Release|ARM64
		{22E6F72C-6E05-4078-B7E7-9F863E7A192B}.Release|x64.ActiveCfg = Release|x64
		{22E6F72C-6E05-4078-B7E7-9F863E7A192B}.Release|x64.Build.0 = Release|x64
		{22E6F72C-6E05-4078-B7E7-9F863E7A192B}.Release|x86.ActiveCfg = Release|x86
		{22E6F72C-6E05-4078-B7E7-9F863E7A192B}.Release|x86.Build.0 = Release|x86
		{5FAD8580-FC8B-4F30-AF45-676B54AFED5B}.Debug|ARM.ActiveCfg = Release|ARM
		{5FAD8580-FC8B-4F30-AF45-676B54AFED5B}.Debug|ARM.Build.0 = Release|ARM
		{5FAD8580-FC8B-4F30-AF45-676B54AFED5B}.Debug|ARM64.ActiveCfg = Release|ARM64
		{5FAD8580-FC8B-4F30-AF45-676B54AFED5B}.Debug|ARM64.Build.0 = Release|ARM64
		{5FAD8580-FC8B-4F30-AF45-676B54AFED5B}.Debug|x64.ActiveCfg = Release|x64
		{5FAD8580-FC8B-4F30-AF45-676B54AFED5B}.Debug|x64.Build.0 = Release|x64
		{5FAD8580-FC8B-4F30-AF45-676B54AFED5B}.Debug|x86.ActiveCfg = Release|x86
		{5FAD8580-FC8B-4F30-AF45-676B54AFED5B}.Debug|x86.Build.0 = Release|x86
		{5FAD8580-FC8B-4F30-AF45-676B54AFED5B}.Release|ARM.ActiveCfg = Release|ARM
		{5FAD8580-FC8B-4F30-AF45-676B54AFED5B}.Release|ARM.Build.0 = Release|ARM
		{5FAD8580-FC8B-4F30-AF45-676B54AFED5B}.Release|ARM64.ActiveCfg = Release|ARM64
		{5FAD8580-FC8B-4F30-AF45-676B54AFED5B}.Release|ARM64.Build.0 = Release|ARM64
		{5FAD8580-FC8B-4F30-AF45-676B54AFED5B}.Release|x64.ActiveCfg = Release|x64
		{5FAD8580-FC8B-4F30-AF45-676B54AFED5B}.Release|x64.Build.0 = Release|x64
		{5FAD8580-FC8B-4F30-AF45-676B54AFED5B}.Release|x86.ActiveCfg = Release|x86
		{5FAD8580-FC8B-4F30-AF45-676B54AFED5B}.Release|x86.Build.0 = Release|x86
		{F6F5F3CA-DB75-475D-B415-75DAE7C25C8F}.Debug|ARM.ActiveCfg = Release|ARM
		{F6F5F3CA-DB75-475D-B415-75DAE7C25C8F}.Debug|ARM.Build.0 = Release|ARM
		{F6F5F3CA-DB75-475D-B415-75DAE7C25C8F}.Debug|ARM64.ActiveCfg = Release|ARM64
		{F6F5F3CA-DB75-475D-B415-75DAE7C25C8F}.Debug|ARM64.Build.0 = Release|ARM64
		{F6F5F3CA-DB75-475D-B415-75DAE7C25C8F}.Debug|x64.ActiveCfg = Release|x64
		{F6F5F3CA-DB75-475D-B415-75DAE7C25C8F}.Debug|x64.Build.0 = Release|x64
		{F6F5F3CA-DB75-475D-B415-75DAE7C25C8F}.Debug|x86.ActiveCfg = Release|x86
		{F6F5F3CA-DB75-475D-B415-75DAE7C25C8F}.Debug|x86.Build.0 = Release|x86
		{F6F5F3CA-DB75-475D-B415-75DAE7C25C8F}.Release|ARM.ActiveCfg = Release|ARM
		{F6F5F3CA-DB75-475D-B415-75DAE7C25C8F}.Release|ARM.Build.0 = Release|ARM
		{F6F5F3CA-DB75-475D-B415-75DAE7C25C8F}.Release|ARM64.ActiveCfg = Release|ARM64
		{F6F5F3CA-DB75-475D-B415-75DAE7C25C8F}.Release|ARM64.Build.0 = Release|ARM64
		{F6F5F3CA-DB75-475D-B415-75DAE7C25C8F}.Release|x64.ActiveCfg = Release|x64
		{F6F5F3CA-DB75-475D-B415-75DAE7C25C8F}.Release|x64.Build.0 = Release|x64
		{F6F5F3CA-DB75-475D-B415-75DAE7C25C8F}.Release|x86.ActiveCfg = Release|x86
		{F6F5F3CA-DB75-475D-B415-75DAE7C25C8F}.Release|x86.Build.0 = Release|x86
		{1397A7C0-D79D-4F11-B7D8-070A204D54E1}.Debug|ARM.ActiveCfg = Release|ARM
		{1397A7C0-D79D-4F11-B7D8-070A204D54E1}.Debug|ARM.Build.0 = Release|ARM
		{1397A7C0-D79D-4F11-B7D8-070A204D54E1}.Debug|ARM64.ActiveCfg = Release|ARM64
		{1397A7C0-D79D-4F11-B7D8-070A204D54E1}.Debug|ARM64.Build.0 = Release|ARM64
		{1397A7C0-D79D-4F11-B7D8-070A204D54E1}.Debug|x64.ActiveCfg = Release|x64
		{1397A7C0-D79D-4F11-B7D8-070A204D54E1}.Debug|x64.Build.0 = Release|x64
		{1397A7C0-D79D-4F11-B7D8-070A204D54E1}.Debug|x86.ActiveCfg = Release|x86
		{1397A7C0-D79D-4F11-B7D8-070A204D54E1}.Debug|x86.Build.0 = Release|x86
		{1397A7C0-D79D-4F11-B7D8-070A204D54E1}.Release|ARM.ActiveCfg = Release|ARM
		{1397A7C0-D79D-4F11-B7D8-070A204D54E1}.Release|ARM.Build.0 = Release|ARM
		{1397A7C0-D79D-4F11-B7D8-070A204D54E1}.Release|ARM64.ActiveCfg = Release|ARM64
		{1397A7C0-D79D-4F11-B7D8-070A204D54E1}.Release|ARM64.Build.0 = Release|ARM64
		{1397A7C0-D79D-4F11-B7D8-070A204D54E1}.Release|x64.ActiveCfg = Release|x64
		{1397A7C0-D79D-4F11-B7D8-070A204D54E1}.Release|x64.Build.0 = Release|x64
		{1397A7C0-D79D-4F11-B7D8-070A204D54E1}.Release|x86.ActiveCfg = Release|x86
		{1397A7C0-D79D-4F11-B7D8-070A204D54E1}.Release|x86.Build.0 = Release|x86
		{94C0AD60-8AC8-4FA8-99A5-5B0A73B87A94}.Debug|ARM.ActiveCfg = Release|ARM
		{94C0AD60-8AC8-4FA8-99A5-5B0A73B87A94}.Debug|ARM.Build.0 = Release|ARM
		{94C0AD60-8AC8-4FA8-99A5-5B0A73B87A94}.Debug|ARM64.ActiveCfg = Release|ARM64
		{94C0AD60-8AC8-4FA8-99A5-5B0A73B87A94}.Debug|ARM64.Build.0 = Release|ARM64
		{94C0AD60-8AC8-4FA8-99A5-5B0A73B87A94}.Debug|x64.ActiveCfg = Release|x64
		{94C0AD60-8AC8-4FA8-99A5-5B0A73B87A94}.Debug|x64.Build.0 = Release|x64
		{94C0AD60-8AC8-4FA8-99A5-5B0A73B87A94}.Debug|x86.ActiveCfg = Release|x86
		{94C0AD60-8AC8-4FA8-99A5-5B0A73B87A94}.Debug|x86.Build.0 = Release|x86
		{94C0AD60-8AC8-4FA8-99A5-5B0A73B87A94}.Release|ARM.ActiveCfg = Release|ARM
		{94C0AD60-8AC8-4FA8-99A5-5B0A73B87A94}.Release|ARM.Build.0 = Release|ARM
		{94C0AD60-8AC8-4FA8-99A5-5B0A73B87A94}.Release|ARM64.ActiveCfg = Release|ARM64
		{94C0AD60-8AC8-4FA8-99A5-5B0A73B87A94}.Release|ARM64.Build.0 = Release|ARM64
		{94C0AD60-8AC8-4FA8-99A5-5B0A73B87A94}.Release|x64.ActiveCfg = Release|x64
		{94C0AD60-8AC8-4FA8-99A5-5B0A73B87A94}.Release|x64.Build.0 = Release|x64
		{94C0AD60-8AC8-4FA8-99A5-5B0A73B87A94}.Release|x86.ActiveCfg = Release|x86
		{94C0AD60-8AC8-4FA8-99A5-5B0A73B87A94}.Release|x86.Build.0 = Release|x86
		{88B538A6-7F9A-47E3-97BF-C88AB3B828F4}.Debug|ARM.ActiveCfg = Release|ARM
		{88B538A6-7F9A-47E3-97BF-C88AB3B828F4}.Debug|ARM.Build.0 = Release|ARM
		{88B538A6-7F9A-47E3-97BF-C88AB3B828F4}.Debug|ARM64.ActiveCfg = Release|ARM64
		{88B538A6-7F9A-47E3-97BF-C88AB3B828F4}.Debug|ARM64.Build.0 = Release|ARM64
		{88B538A6-7F9A-47E3-97BF-C88AB3B828F4}.Debug|x64.ActiveCfg = Release|x64
		{88B538A6-7F9A-47E3-97BF-C88AB3B828F4}.Debug|x64.Build.0 = Release|x64
		{88B538A6-7F9A-47E3-97BF-C88AB3B828F4}.Debug|x86.ActiveCfg = Release|x86
		{88B538A6-7F9A-47E3-97BF-C88AB3B828F4}.Debug|x86.Build.0 = Release|x86
		{88B538A6-7F9A-47E3-97BF-C88AB3B828F4}.Release|ARM.ActiveCfg = Release|ARM
		{88B538A6-7F9A-47E3-97BF-C88AB3B828F4}.Release|ARM.Build.0 = Release|ARM
		{88B538A6-7F9A-47E3-97BF-C88AB3B828F4}.Release|ARM64.ActiveCfg = Release|ARM64
		{88B538A6-7F9A-47E3-97BF-C88AB3B828F4}.Release|ARM64.Build.0 = Release|ARM64
		{88B538A6-7F9A-47E3-97BF-C88AB3B828F4}.Release|x64.ActiveCfg = Release|x64
		{88B538A6-7F9A-47E3-97BF-C88AB3B828F4}.Release|x64.Build.0 = Release|x64
		{88B538A6-7F9A-47E3-97BF-C88AB3B828F4}.Release|x86.ActiveCfg = Release|x86
		{88B538A6-7F9A-47E3-97BF-C88AB3B828F4}.Release|x86.Build.0 = Release|x86
		{D0D1E9E7-CAB0-4DDA-B529-F59323B143FB}.Debug|ARM.ActiveCfg = Release|ARM
		{D0D1E9E7-CAB0-4DDA-B529-F59323B143FB}.Debug|ARM.Build.0 = Release|ARM
		{D0D1E9E7-CAB0-4DDA-B529-F59323B143FB}.Debug|ARM64.ActiveCfg = Release|ARM64
		{D0D1E9E7-CAB0-4DDA-B529-F59323B143FB}.Debug|ARM64.Build.0 = Release|ARM64
		{D0D1E9E7-CAB0-4DDA-B529-F59323B143FB}.Debug|x64.ActiveCfg = Release|x64
		{D0D1E9E7-CAB0-4DDA-B529-F59323B143FB}.Debug|x64.Build.0 = Release|x64
		{D0D1E9E7-CAB0-4DDA-B529-F59323B143FB}.Debug|x86.ActiveCfg = Release|x86
		{D0D1E9E7-CAB0-4DDA-B529-F59323B143FB}.Debug|x86.Build.0 = Release|x86
		{D0D1E9E7-CAB0-4DDA-B529-F59323B143FB}.Release|ARM.ActiveCfg = Release|ARM
		{D0D1E9E7-CAB0-4DDA-B529-F59323B143FB}.Release|ARM.Build.0 = Release|ARM
		{D0D1E9E7-CAB0-4DDA-B529-F59323B143FB}.Release|ARM64.ActiveCfg = Release|ARM64
		{D0D1E9E7-CAB0-4DDA-B529-F59323B143FB}.Release|ARM64.Build.0 = Release|ARM64
		{D0D1E9E7-CAB0-4DDA-B529-F59323B143FB}.Release|x64.ActiveCfg = Release|x64
		{D0D1E9E7-CAB0-4DDA-B529-F59323B143FB}.Release|x64.Build.0 = Release|x64
		{D0D1E9E7-CAB0-4DDA-B529-F59323B143FB}.Release|x86.ActiveCfg = Release|x86
		{D0D1E9E7-CAB0-4DDA-B529-F59323B143FB}.Release|x86.Build.0 = Release|x86
		{8A2DBDF1-14A8-4A75-BA6C-F81F53F94433}.Debug|ARM.ActiveCfg = Release|ARM
		{8A2DBDF1-14A8-4A75-BA6C-F81F53F94433}.Debug|ARM.Build.0 = Release|ARM
		{8A2DBDF1-14A8-4A75-BA6C-F81F53F94433}.Debug|ARM64.ActiveCfg = Release|ARM64
		{8A2DBDF1-14A8-4A75-BA6C-F81F53F94433}.Debug|ARM64.Build.0 = Release|ARM64
		{8A2DBDF1-14A8-4A75-BA6C-F81F53F94433}.Debug|x64.ActiveCfg = Release|x64
		{8A2DBDF1-14A8-4A75-BA6C-F81F53F94433}.Debug|x64.Build.0 = Release|x64
		{8A2DBDF1-14A8-4A75-BA6C-F81F53F94433}.Debug|x86.ActiveCfg = Release|x86
		{8A2DBDF1-14A8-4A75-BA6C-F81F53F94433}.Debug|x86.Build.0 = Release|x86
		{8A2DBDF1-14A8-4A75-BA6C-F81F53F94433}.Release|ARM.ActiveCfg = Release|ARM
		{8A2DBDF1-14A8-4A75-BA6C-F81F53F94433}.Release|ARM.Build.0 = Release|ARM
		{8A2DBDF1-14A8-4A75-BA6C-F81F53F94433}.Release|ARM64.ActiveCfg = Release|ARM64
		{8A2DBDF1-14A8-4A75-BA6C-F81F53F94433}.Release|ARM64.Build.0 = Release|ARM64
		{8A2DBDF1-14A8-4A75-BA6C-F81F53F94433}.Release|x64.ActiveCfg = Release|x64
		{8A2DBDF1-14A8-4A75-BA6C-F81F53F94433}.Release|x64.Build.0 = Release|x64
		{8A2DBDF1-14A8-4A75-BA6C-F81F53F94433}.Release|x86.ActiveCfg = Release|x86
		{8A2DBDF1-14A8-4A75-BA6C-F81F53F94433}.Release|x86.Build.0 = Release|x86
		{7DD8EAE4-918A-470C-9889-FCDCEF3735B8}.Debug|ARM.ActiveCfg = Release|ARM
		{7DD8EAE4-918A-470C-9889-FCDCEF3735B8}.Debug|ARM.Build.0 = Release|ARM
		{7DD8EAE4-918A-470C-9889-FCDCEF3735B8}.Debug|ARM64.ActiveCfg = Release|ARM64
		{7DD8EAE4-918A-470C-9889-FCDCEF3735B8}.Debug|ARM64.Build.0 = Release|ARM64
		{7DD8EAE4-918A-470C-9889-FCDCEF3735B8}.Debug|x64.ActiveCfg = Release|x64
		{7DD8EAE4-918A-470C-9889-FCDCEF3735B8}.Debug|x64.Build.0 = Release|x64
		{7DD8EAE4-918A-470C-9889-FCDCEF3735B8}.Debug|x86.ActiveCfg = Release|x86
		{7DD8EAE4-918A-470C-9889-FCDCEF3735B8}.Debug|x86.Build.0 = Release|x86
		{7DD8EAE4-918A-470C-9889-FCDCEF3735B8}.Release|ARM.ActiveCfg = Release|ARM
		{7DD8EAE4-918A-470C-9889-FCDCEF3735B8}.Release|ARM.Build.0 = Release|ARM
		{7DD8EAE4-918A-470C-9889-FCDCEF3735B8}.Release|ARM64.ActiveCfg = Release|ARM64
		{7DD8EAE4-918A-470C-9889-FCDCEF3735B8}.Release|ARM64.Build.0 = Release|ARM64
		{7DD8EAE4-918A-470C-9889-FCDCEF3735B8}.Release|x64.ActiveCfg = Release|x64
		{7DD8EAE4-918A-470C-9889-FCDCEF3735B8}.Release|x64.Build.0 = Release|x64
		{7DD8EAE4-918A-470C-9889-FCDCEF3735B8}.Release|x86.ActiveCfg = Release|x86
		{7DD8EAE4-918A-470C-9889-FCDCEF3735B8}.Release|x86.Build.0 = Release|x86
		{BC8CEA4E-71CC-4E89-BB16-EE5DC57A1BE1}.Debug|ARM.ActiveCfg = Release|ARM
		{BC8CEA4E-71CC-4E89-BB16-EE5DC57A1BE1}.Debug|ARM.Build.0 = Release|ARM
		{BC8CEA4E-71CC-4E89-BB16-EE5DC57A1BE1}.Debug|ARM64.ActiveCfg = Release|ARM64
		{BC8CEA4E-71CC-4E89-BB16-EE5DC57A1BE1}.Debug|ARM64.Build.0 = Release|ARM64
		{BC8CEA4E-71CC-4E89-BB16-EE5DC57A1BE1}.Debug|x64.ActiveCfg = Release|x64
		{BC8CEA4E-71CC-4E89-BB16-EE5DC57A1BE1}.Debug|x64.Build.0 = Release|x64
		{BC8CEA4E-71CC-4E89-BB16-EE5DC57A1BE1}.Debug|x86.ActiveCfg = Release|x86
		{BC8CEA4E-71CC-4E89-BB16-EE5DC57A1BE1}.Debug|x86.Build.0 = Release|x86
		{BC8CEA4E-71CC-4E89-BB16-EE5DC57A1BE1}.Release|ARM.ActiveCfg = Release|ARM
		{BC8CEA4E-71CC-4E89-BB16-EE5DC57A1BE1}.Release|ARM.Build.0 = Release|ARM
		{BC8CEA4E-71CC-4E89-BB16-EE5DC57A1BE1}.Release|ARM64.ActiveCfg = Release|ARM64
		{BC8CEA4E-71CC-4E89-BB16-EE5DC57A1BE1}.Release|ARM64.Build.0 = Release|ARM64
		{BC8CEA4E-71CC-4E89-BB16-EE5DC57A1BE1}.Release|x64.ActiveCfg = Release|x64
		{BC8CEA4E-71CC-4E89-BB16-EE5DC57A1BE1}.Release|x64.Build.0 = Release|x64
		{BC8CEA4E-71CC-4E89-BB16-EE5DC57A1BE1}.Release|x86.ActiveCfg = Release|x86
		{BC8CEA4E-71CC-4E89-BB16-EE5DC57A1BE1}.Release|x86.Build.0 = Release|x86
		{E45A6A11-F5D9-4156-80CC-647A48C17CD8}.Debug|ARM.ActiveCfg = Release|ARM
		{E45A6A11-F5D9-4156-80CC-647A48C17CD8}.Debug|ARM.Build.0 = Release|ARM
		{E45A6A11-F5D9-4156-80CC-647A48C17CD8}.Debug|ARM64.ActiveCfg = Release|ARM64
		{E45A6A11-F5D9-4156-80CC-647A48C17CD8}.Debug|ARM64.Build.0 = Release|ARM64
		{E45A6A11-F5D9-4156-80CC-647A48C17CD8}.Debug|x64.ActiveCfg = Release|x64
		{E45A6A11-F5D9-4156-80CC-647A48C17CD8}.Debug|x64.Build.0 = Release|x64
		{E45A6A11-F5D9-4156-80CC-647A48C17CD8}.Debug|x86.ActiveCfg = Release|x86
		{E45A6A11-F5D9-4156-80CC-647A48C17CD8}.Debug|x86.Build.0 = Release|x86
		{E45A6A11-F5D9-4156-80CC-647A48C17CD8}.Release|ARM.ActiveCfg = Release|ARM
		{E45A6A11-F5D9-4156-80CC-647A48C17CD8}.Release|ARM.Build.0 = Release|ARM
		{E45A6A11-F5D9-4156-80CC-647A48C17CD8}.Release|ARM64.ActiveCfg = Release|ARM64
		{E45A6A11-F5D9-4156-80CC-647A48C17CD8}.Release|ARM64.Build.0 = Release|ARM64
		{E45A6A11-F5D9-4156-80CC-647A48C17CD8}.Release|x64.ActiveCfg = Release|x64
		{E45A6A11-F5D9-4156-80CC-647A48C17CD8}.Release|x64.Build.0 = Release|x64
		{E45A6A11-F5D9-4156-80CC-647A48C17CD8}.Release|x86.ActiveCfg = Release|x86
		{E45A6A11-F5D9-4156-80CC-647A48C17CD8}.Release|x86.Build.0 = Release|x86
		{5646D9E0-11DD-4959-9E40-B5EAB24AD9AC}.Debug|ARM.ActiveCfg = Release|ARM
		{5646D9E0-11DD-4959-9E40-B5EAB24AD9AC}.Debug|ARM.Build.0 = Release|ARM
		{5646D9E0-11DD-4959-9E40-B5EAB24AD9AC}.Debug|ARM64.ActiveCfg = Release|ARM64
		{5646D9E0-11DD-4959-9E40-B5EAB24AD9AC}.Debug|ARM64.Build.0 = Release|ARM64
		{5646D9E0-11DD-4959-9E40-B5EAB24AD9AC}.Debug|x64.ActiveCfg = Release|x64
		{5646D9E0-11DD-4959-9E40-B5EAB24AD9AC}.Debug|x64.Build.0 = Release|x64
		{5646D9E0-11DD-4959-9E40-B5EAB24AD9AC}.Debug|x86.ActiveCfg = Release|x86
		{5646D9E0-11DD-4959-9E40-B5EAB24AD9AC}.Debug|x86.Build.0 = Release|x86
		{5646D9E0-11DD-4959-9E40-B5EAB24AD9AC}.Release|ARM.ActiveCfg = Release|ARM
		{5646D9E0-11DD-4959-9E40-B5EAB24AD9AC}.Release|ARM.Build.0 = Release|ARM
		{5646D9E0-11DD-4959-9E40-B5EAB24AD9AC}.Release|ARM64.ActiveCfg = Release|ARM64
		{5646D9E0-11DD-4959-9E40-B5EAB24AD9AC}.Release|ARM64.Build.0 = Release|ARM64
		{5646D9E0-11DD-4959-9E40-B5EAB24AD9AC}.Release|x64.ActiveCfg = Release|x64
		{5646D9E0-11DD-4959-9E40-B5EAB24AD9AC}.Release|x64.Build.0 = Release|x64
		{5646D9E0-11DD-4959-9E40-B5EAB24AD9AC}.Release|x86.ActiveCfg = Release|x86
		{5646D9E0-11DD-4959-9E40-B5EAB24AD9AC}.Release|x86.Build.0 = Release|x86
		{FB360DF4-D7E6-4360-A08A-583013D48D3F}.Debug|ARM.ActiveCfg = Release|ARM
		{FB360DF4-D7E6-4360-A08A-583013D48D3F}.Debug|ARM.Build.0 = Release|ARM
		{FB360DF4-D7E6-4360-A08A-583013D48D3F}.Debug|ARM64.ActiveCfg = Release|ARM64
		{FB360DF4-D7E6-4360-A08A-583013D48D3F}.Debug|ARM64.Build.0 = Release|ARM64
		{FB360DF4-D7E6-4360-A08A-583013D48D3F}.Debug|x64.ActiveCfg = Release|x64
		{FB360DF4-D7E6-4360-A08A-583013D48D3F}.Debug|x64.Build.0 = Release|x64
		{FB360DF4-D7E6-4360-A08A-583013D48D3F}.Debug|x86.ActiveCfg = Release|x86
		{FB360DF4-D7E6-4360-A08A-583013D48D3F}.Debug|x86.Build.0 = Release|x86
		{FB360DF4-D7E6-4360-A08A-583013D48D3F}.Release|ARM.ActiveCfg = Release|ARM
		{FB360DF4-D7E6-4360-A08A-583013D48D3F}.Release|ARM.Build.0 = Release|ARM
		{FB360DF4-D7E6-4360-A08A-583013D48D3F}.Release|ARM64.ActiveCfg = Release|ARM64
		{FB360DF4-D7E6-4360-A08A-583013D48D3F}.Release|ARM64.Build.0 = Release|ARM64
		{FB360DF4-D7E6-4360-A08A-583013D48D3F}.Release|x64.ActiveCfg = Release|x64
		{FB360DF4-D7E6-4360-A08A-583013D48D3F}.Release|x64.Build.0 = Release|x64
		{FB360DF4-D7E6-4360-A08A-583013D48D3F}.Release|x86.ActiveCfg = Release|x86
		{FB360DF4-D7E6-4360-A08A-583013D48D3F}.Release|x86.Build.0 = Release|x86
	EndGlobalSection
	GlobalSection(SolutionProperties) = preSolution
		HideSolutionNode = FALSE
	EndGlobalSection
	GlobalSection(ExtensibilityGlobals) = postSolution
		SolutionGuid = {13E1E45A-01B4-4AC3-B79C-2E13FDB5F9E2}
	EndGlobalSection
EndGlobal
