
Microsoft Visual Studio Solution File, Format Version 12.00
# Visual Studio 15
VisualStudioVersion = 15.0.28010.2003
MinimumVisualStudioVersion = 10.0.40219.1
Project("{8BC9CEB8-8B4A-11D0-8D11-00A0C91BC942}") = "RisLib", "RisLib\RisLib.vcxproj", "{CD27243E-299E-4E44-AA52-4314CB2B9D98}"
EndProject
Project("{2150E333-8FDC-42A3-9474-1A3956D46DE8}") = "src", "src", "{B1F7A13D-E4B6-4E39-8131-05803A4B7408}"
	ProjectSection(SolutionItems) = preProject
		src\aaa_copy_files.bat = src\aaa_copy_files.bat
		src\logFiles_linux.cpp = src\logFiles_linux.cpp
		src\prnPrint_linux.cpp = src\prnPrint_linux.cpp
		src\ris_priorities_linux.cpp = src\ris_priorities_linux.cpp
		src\risAlphaDir_linux.cpp = src\risAlphaDir_linux.cpp
		src\risPortableCalls_linux.cpp = src\risPortableCalls_linux.cpp
		src\risSockets_linux.cpp = src\risSockets_linux.cpp
		src\risThreadsProcess_linux.cpp = src\risThreadsProcess_linux.cpp
		src\risThreadsSynch_linux.cpp = src\risThreadsSynch_linux.cpp
		src\risThreadsThreads_linux.cpp = src\risThreadsThreads_linux.cpp
		src\risThreadsTimer_linux.cpp = src\risThreadsTimer_linux.cpp
	EndProjectSection
EndProject
Project("{8BC9CEB8-8B4A-11D0-8D11-00A0C91BC942}") = "Test", "Test\Test.vcxproj", "{1D1A4E6D-DCED-4030-98D0-F63437B663BE}"
EndProject
Project("{8BC9CEB8-8B4A-11D0-8D11-00A0C91BC942}") = "AlphaTest", "AlphaTest\AlphaTest.vcxproj", "{22E6F72C-6E05-4078-B7E7-9F863E7A192B}"
	ProjectSection(ProjectDependencies) = postProject
		{CD27243E-299E-4E44-AA52-4314CB2B9D98} = {CD27243E-299E-4E44-AA52-4314CB2B9D98}
	EndProjectSection
EndProject
Project("{2150E333-8FDC-42A3-9474-1A3956D46DE8}") = "Files", "Files", "{1FF92531-55BC-44B7-90C4-ADF3B1F53FD2}"
	ProjectSection(SolutionItems) = preProject
		Files\RisParms_Parms.txt = Files\RisParms_Parms.txt
	EndProjectSection
EndProject
Project("{8BC9CEB8-8B4A-11D0-8D11-00A0C91BC942}") = "Parms", "Parms\Parms.vcxproj", "{5FAD8580-FC8B-4F30-AF45-676B54AFED5B}"
	ProjectSection(ProjectDependencies) = postProject
		{CD27243E-299E-4E44-AA52-4314CB2B9D98} = {CD27243E-299E-4E44-AA52-4314CB2B9D98}
	EndProjectSection
EndProject
Project("{8BC9CEB8-8B4A-11D0-8D11-00A0C91BC942}") = "ThreadSample", "ThreadSample\ThreadSample.vcxproj", "{F6F5F3CA-DB75-475D-B415-75DAE7C25C8F}"
EndProject
Project("{8BC9CEB8-8B4A-11D0-8D11-00A0C91BC942}") = "TimerThreadTest", "TimerThreadTest\TimerThreadTest.vcxproj", "{1397A7C0-D79D-4F11-B7D8-070A204D54E1}"
	ProjectSection(ProjectDependencies) = postProject
		{CD27243E-299E-4E44-AA52-4314CB2B9D98} = {CD27243E-299E-4E44-AA52-4314CB2B9D98}
	EndProjectSection
EndProject
Project("{8BC9CEB8-8B4A-11D0-8D11-00A0C91BC942}") = "ProtoTcpServer", "ProtoTcpServer\ProtoTcpServer.vcxproj", "{94C0AD60-8AC8-4FA8-99A5-5B0A73B87A94}"
	ProjectSection(ProjectDependencies) = postProject
		{CD27243E-299E-4E44-AA52-4314CB2B9D98} = {CD27243E-299E-4E44-AA52-4314CB2B9D98}
	EndProjectSection
EndProject
Project("{8BC9CEB8-8B4A-11D0-8D11-00A0C91BC942}") = "CommonLib", "CommonLib\CommonLib.vcxproj", "{88B538A6-7F9A-47E3-97BF-C88AB3B828F4}"
	ProjectSection(ProjectDependencies) = postProject
		{CD27243E-299E-4E44-AA52-4314CB2B9D98} = {CD27243E-299E-4E44-AA52-4314CB2B9D98}
	EndProjectSection
EndProject
Global
	GlobalSection(SolutionConfigurationPlatforms) = preSolution
		Debug|ARM = Debug|ARM
		Debug|ARM64 = Debug|ARM64
		Debug|x64 = Debug|x64
		Debug|x86 = Debug|x86
		Release|ARM = Release|ARM
		Release|ARM64 = Release|ARM64
		Release|x64 = Release|x64
		Release|x86 = Release|x86
	EndGlobalSection
	GlobalSection(ProjectConfigurationPlatforms) = postSolution
		{CD27243E-299E-4E44-AA52-4314CB2B9D98}.Debug|ARM.ActiveCfg = Debug|ARM
		{CD27243E-299E-4E44-AA52-4314CB2B9D98}.Debug|ARM.Build.0 = Debug|ARM
		{CD27243E-299E-4E44-AA52-4314CB2B9D98}.Debug|ARM64.ActiveCfg = Debug|ARM64
		{CD27243E-299E-4E44-AA52-4314CB2B9D98}.Debug|ARM64.Build.0 = Debug|ARM64
		{CD27243E-299E-4E44-AA52-4314CB2B9D98}.Debug|x64.ActiveCfg = Debug|x64
		{CD27243E-299E-4E44-AA52-4314CB2B9D98}.Debug|x64.Build.0 = Debug|x64
		{CD27243E-299E-4E44-AA52-4314CB2B9D98}.Debug|x86.ActiveCfg = Debug|x86
		{CD27243E-299E-4E44-AA52-4314CB2B9D98}.Debug|x86.Build.0 = Debug|x86
		{CD27243E-299E-4E44-AA52-4314CB2B9D98}.Release|ARM.ActiveCfg = Release|ARM
		{CD27243E-299E-4E44-AA52-4314CB2B9D98}.Release|ARM.Build.0 = Release|ARM
		{CD27243E-299E-4E44-AA52-4314CB2B9D98}.Release|ARM64.ActiveCfg = Release|ARM64
		{CD27243E-299E-4E44-AA52-4314CB2B9D98}.Release|ARM64.Build.0 = Release|ARM64
		{CD27243E-299E-4E44-AA52-4314CB2B9D98}.Release|x64.ActiveCfg = Release|x64
		{CD27243E-299E-4E44-AA52-4314CB2B9D98}.Release|x64.Build.0 = Release|x64
		{CD27243E-299E-4E44-AA52-4314CB2B9D98}.Release|x86.ActiveCfg = Release|x86
		{CD27243E-299E-4E44-AA52-4314CB2B9D98}.Release|x86.Build.0 = Release|x86
		{1D1A4E6D-DCED-4030-98D0-F63437B663BE}.Debug|ARM.ActiveCfg = Debug|ARM
		{1D1A4E6D-DCED-4030-98D0-F63437B663BE}.Debug|ARM.Build.0 = Debug|ARM
		{1D1A4E6D-DCED-4030-98D0-F63437B663BE}.Debug|ARM64.ActiveCfg = Debug|ARM64
		{1D1A4E6D-DCED-4030-98D0-F63437B663BE}.Debug|ARM64.Build.0 = Debug|ARM64
		{1D1A4E6D-DCED-4030-98D0-F63437B663BE}.Debug|x64.ActiveCfg = Debug|x64
		{1D1A4E6D-DCED-4030-98D0-F63437B663BE}.Debug|x64.Build.0 = Debug|x64
		{1D1A4E6D-DCED-4030-98D0-F63437B663BE}.Debug|x86.ActiveCfg = Debug|x86
		{1D1A4E6D-DCED-4030-98D0-F63437B663BE}.Debug|x86.Build.0 = Debug|x86
		{1D1A4E6D-DCED-4030-98D0-F63437B663BE}.Release|ARM.ActiveCfg = Release|ARM
		{1D1A4E6D-DCED-4030-98D0-F63437B663BE}.Release|ARM.Build.0 = Release|ARM
		{1D1A4E6D-DCED-4030-98D0-F63437B663BE}.Release|ARM64.ActiveCfg = Release|ARM64
		{1D1A4E6D-DCED-4030-98D0-F63437B663BE}.Release|ARM64.Build.0 = Release|ARM64
		{1D1A4E6D-DCED-4030-98D0-F63437B663BE}.Release|x64.ActiveCfg = Release|x64
		{1D1A4E6D-DCED-4030-98D0-F63437B663BE}.Release|x64.Build.0 = Release|x64
		{1D1A4E6D-DCED-4030-98D0-F63437B663BE}.Release|x86.ActiveCfg = Release|x86
		{1D1A4E6D-DCED-4030-98D0-F63437B663BE}.Release|x86.Build.0 = Release|x86
		{22E6F72C-6E05-4078-B7E7-9F863E7A192B}.Debug|ARM.ActiveCfg = Debug|ARM
		{22E6F72C-6E05-4078-B7E7-9F863E7A192B}.Debug|ARM.Build.0 = Debug|ARM
		{22E6F72C-6E05-4078-B7E7-9F863E7A192B}.Debug|ARM64.ActiveCfg = Debug|ARM64
		{22E6F72C-6E05-4078-B7E7-9F863E7A192B}.Debug|ARM64.Build.0 = Debug|ARM64
		{22E6F72C-6E05-4078-B7E7-9F863E7A192B}.Debug|x64.ActiveCfg = Debug|x64
		{22E6F72C-6E05-4078-B7E7-9F863E7A192B}.Debug|x64.Build.0 = Debug|x64
		{22E6F72C-6E05-4078-B7E7-9F863E7A192B}.Debug|x86.ActiveCfg = Debug|x86
		{22E6F72C-6E05-4078-B7E7-9F863E7A192B}.Debug|x86.Build.0 = Debug|x86
		{22E6F72C-6E05-4078-B7E7-9F863E7A192B}.Release|ARM.ActiveCfg = Release|ARM
		{22E6F72C-6E05-4078-B7E7-9F863E7A192B}.Release|ARM.Build.0 = Release|ARM
		{22E6F72C-6E05-4078-B7E7-9F863E7A192B}.Release|ARM64.ActiveCfg = Release|ARM64
		{22E6F72C-6E05-4078-B7E7-9F863E7A192B}.Release|ARM64.Build.0 = Release|ARM64
		{22E6F72C-6E05-4078-B7E7-9F863E7A192B}.Release|x64.ActiveCfg = Release|x64
		{22E6F72C-6E05-4078-B7E7-9F863E7A192B}.Release|x64.Build.0 = Release|x64
		{22E6F72C-6E05-4078-B7E7-9F863E7A192B}.Release|x86.ActiveCfg = Release|x86
		{22E6F72C-6E05-4078-B7E7-9F863E7A192B}.Release|x86.Build.0 = Release|x86
		{5FAD8580-FC8B-4F30-AF45-676B54AFED5B}.Debug|ARM.ActiveCfg = Debug|ARM
		{5FAD8580-FC8B-4F30-AF45-676B54AFED5B}.Debug|ARM.Build.0 = Debug|ARM
		{5FAD8580-FC8B-4F30-AF45-676B54AFED5B}.Debug|ARM64.ActiveCfg = Debug|ARM64
		{5FAD8580-FC8B-4F30-AF45-676B54AFED5B}.Debug|ARM64.Build.0 = Debug|ARM64
		{5FAD8580-FC8B-4F30-AF45-676B54AFED5B}.Debug|x64.ActiveCfg = Debug|x64
		{5FAD8580-FC8B-4F30-AF45-676B54AFED5B}.Debug|x64.Build.0 = Debug|x64
		{5FAD8580-FC8B-4F30-AF45-676B54AFED5B}.Debug|x86.ActiveCfg = Debug|x86
		{5FAD8580-FC8B-4F30-AF45-676B54AFED5B}.Debug|x86.Build.0 = Debug|x86
		{5FAD8580-FC8B-4F30-AF45-676B54AFED5B}.Release|ARM.ActiveCfg = Release|ARM
		{5FAD8580-FC8B-4F30-AF45-676B54AFED5B}.Release|ARM.Build.0 = Release|ARM
		{5FAD8580-FC8B-4F30-AF45-676B54AFED5B}.Release|ARM64.ActiveCfg = Release|ARM64
		{5FAD8580-FC8B-4F30-AF45-676B54AFED5B}.Release|ARM64.Build.0 = Release|ARM64
		{5FAD8580-FC8B-4F30-AF45-676B54AFED5B}.Release|x64.ActiveCfg = Release|x64
		{5FAD8580-FC8B-4F30-AF45-676B54AFED5B}.Release|x64.Build.0 = Release|x64
		{5FAD8580-FC8B-4F30-AF45-676B54AFED5B}.Release|x86.ActiveCfg = Release|x86
		{5FAD8580-FC8B-4F30-AF45-676B54AFED5B}.Release|x86.Build.0 = Release|x86
		{F6F5F3CA-DB75-475D-B415-75DAE7C25C8F}.Debug|ARM.ActiveCfg = Debug|ARM
		{F6F5F3CA-DB75-475D-B415-75DAE7C25C8F}.Debug|ARM.Build.0 = Debug|ARM
		{F6F5F3CA-DB75-475D-B415-75DAE7C25C8F}.Debug|ARM64.ActiveCfg = Debug|ARM64
		{F6F5F3CA-DB75-475D-B415-75DAE7C25C8F}.Debug|ARM64.Build.0 = Debug|ARM64
		{F6F5F3CA-DB75-475D-B415-75DAE7C25C8F}.Debug|x64.ActiveCfg = Debug|x64
		{F6F5F3CA-DB75-475D-B415-75DAE7C25C8F}.Debug|x64.Build.0 = Debug|x64
		{F6F5F3CA-DB75-475D-B415-75DAE7C25C8F}.Debug|x86.ActiveCfg = Debug|x86
		{F6F5F3CA-DB75-475D-B415-75DAE7C25C8F}.Debug|x86.Build.0 = Debug|x86
		{F6F5F3CA-DB75-475D-B415-75DAE7C25C8F}.Release|ARM.ActiveCfg = Release|ARM
		{F6F5F3CA-DB75-475D-B415-75DAE7C25C8F}.Release|ARM.Build.0 = Release|ARM
		{F6F5F3CA-DB75-475D-B415-75DAE7C25C8F}.Release|ARM64.ActiveCfg = Release|ARM64
		{F6F5F3CA-DB75-475D-B415-75DAE7C25C8F}.Release|ARM64.Build.0 = Release|ARM64
		{F6F5F3CA-DB75-475D-B415-75DAE7C25C8F}.Release|x64.ActiveCfg = Release|x64
		{F6F5F3CA-DB75-475D-B415-75DAE7C25C8F}.Release|x64.Build.0 = Release|x64
		{F6F5F3CA-DB75-475D-B415-75DAE7C25C8F}.Release|x86.ActiveCfg = Release|x86
		{F6F5F3CA-DB75-475D-B415-75DAE7C25C8F}.Release|x86.Build.0 = Release|x86
		{1397A7C0-D79D-4F11-B7D8-070A204D54E1}.Debug|ARM.ActiveCfg = Debug|ARM
		{1397A7C0-D79D-4F11-B7D8-070A204D54E1}.Debug|ARM.Build.0 = Debug|ARM
		{1397A7C0-D79D-4F11-B7D8-070A204D54E1}.Debug|ARM64.ActiveCfg = Debug|ARM64
		{1397A7C0-D79D-4F11-B7D8-070A204D54E1}.Debug|ARM64.Build.0 = Debug|ARM64
		{1397A7C0-D79D-4F11-B7D8-070A204D54E1}.Debug|x64.ActiveCfg = Debug|x64
		{1397A7C0-D79D-4F11-B7D8-070A204D54E1}.Debug|x64.Build.0 = Debug|x64
		{1397A7C0-D79D-4F11-B7D8-070A204D54E1}.Debug|x86.ActiveCfg = Debug|x86
		{1397A7C0-D79D-4F11-B7D8-070A204D54E1}.Debug|x86.Build.0 = Debug|x86
		{1397A7C0-D79D-4F11-B7D8-070A204D54E1}.Release|ARM.ActiveCfg = Release|ARM
		{1397A7C0-D79D-4F11-B7D8-070A204D54E1}.Release|ARM.Build.0 = Release|ARM
		{1397A7C0-D79D-4F11-B7D8-070A204D54E1}.Release|ARM64.ActiveCfg = Release|ARM64
		{1397A7C0-D79D-4F11-B7D8-070A204D54E1}.Release|ARM64.Build.0 = Release|ARM64
		{1397A7C0-D79D-4F11-B7D8-070A204D54E1}.Release|x64.ActiveCfg = Release|x64
		{1397A7C0-D79D-4F11-B7D8-070A204D54E1}.Release|x64.Build.0 = Release|x64
		{1397A7C0-D79D-4F11-B7D8-070A204D54E1}.Release|x86.ActiveCfg = Release|x86
		{1397A7C0-D79D-4F11-B7D8-070A204D54E1}.Release|x86.Build.0 = Release|x86
		{94C0AD60-8AC8-4FA8-99A5-5B0A73B87A94}.Debug|ARM.ActiveCfg = Debug|ARM
		{94C0AD60-8AC8-4FA8-99A5-5B0A73B87A94}.Debug|ARM.Build.0 = Debug|ARM
		{94C0AD60-8AC8-4FA8-99A5-5B0A73B87A94}.Debug|ARM64.ActiveCfg = Debug|ARM64
		{94C0AD60-8AC8-4FA8-99A5-5B0A73B87A94}.Debug|ARM64.Build.0 = Debug|ARM64
		{94C0AD60-8AC8-4FA8-99A5-5B0A73B87A94}.Debug|x64.ActiveCfg = Debug|x64
		{94C0AD60-8AC8-4FA8-99A5-5B0A73B87A94}.Debug|x64.Build.0 = Debug|x64
		{94C0AD60-8AC8-4FA8-99A5-5B0A73B87A94}.Debug|x86.ActiveCfg = Debug|x86
		{94C0AD60-8AC8-4FA8-99A5-5B0A73B87A94}.Debug|x86.Build.0 = Debug|x86
		{94C0AD60-8AC8-4FA8-99A5-5B0A73B87A94}.Release|ARM.ActiveCfg = Release|ARM
		{94C0AD60-8AC8-4FA8-99A5-5B0A73B87A94}.Release|ARM.Build.0 = Release|ARM
		{94C0AD60-8AC8-4FA8-99A5-5B0A73B87A94}.Release|ARM64.ActiveCfg = Release|ARM64
		{94C0AD60-8AC8-4FA8-99A5-5B0A73B87A94}.Release|ARM64.Build.0 = Release|ARM64
		{94C0AD60-8AC8-4FA8-99A5-5B0A73B87A94}.Release|x64.ActiveCfg = Release|x64
		{94C0AD60-8AC8-4FA8-99A5-5B0A73B87A94}.Release|x64.Build.0 = Release|x64
		{94C0AD60-8AC8-4FA8-99A5-5B0A73B87A94}.Release|x86.ActiveCfg = Release|x86
		{94C0AD60-8AC8-4FA8-99A5-5B0A73B87A94}.Release|x86.Build.0 = Release|x86
		{88B538A6-7F9A-47E3-97BF-C88AB3B828F4}.Debug|ARM.ActiveCfg = Debug|ARM
		{88B538A6-7F9A-47E3-97BF-C88AB3B828F4}.Debug|ARM.Build.0 = Debug|ARM
		{88B538A6-7F9A-47E3-97BF-C88AB3B828F4}.Debug|ARM64.ActiveCfg = Debug|ARM64
		{88B538A6-7F9A-47E3-97BF-C88AB3B828F4}.Debug|ARM64.Build.0 = Debug|ARM64
		{88B538A6-7F9A-47E3-97BF-C88AB3B828F4}.Debug|x64.ActiveCfg = Debug|x64
		{88B538A6-7F9A-47E3-97BF-C88AB3B828F4}.Debug|x64.Build.0 = Debug|x64
		{88B538A6-7F9A-47E3-97BF-C88AB3B828F4}.Debug|x86.ActiveCfg = Debug|x86
		{88B538A6-7F9A-47E3-97BF-C88AB3B828F4}.Debug|x86.Build.0 = Debug|x86
		{88B538A6-7F9A-47E3-97BF-C88AB3B828F4}.Release|ARM.ActiveCfg = Release|ARM
		{88B538A6-7F9A-47E3-97BF-C88AB3B828F4}.Release|ARM.Build.0 = Release|ARM
		{88B538A6-7F9A-47E3-97BF-C88AB3B828F4}.Release|ARM64.ActiveCfg = Release|ARM64
		{88B538A6-7F9A-47E3-97BF-C88AB3B828F4}.Release|ARM64.Build.0 = Release|ARM64
		{88B538A6-7F9A-47E3-97BF-C88AB3B828F4}.Release|x64.ActiveCfg = Release|x64
		{88B538A6-7F9A-47E3-97BF-C88AB3B828F4}.Release|x64.Build.0 = Release|x64
		{88B538A6-7F9A-47E3-97BF-C88AB3B828F4}.Release|x86.ActiveCfg = Release|x86
		{88B538A6-7F9A-47E3-97BF-C88AB3B828F4}.Release|x86.Build.0 = Release|x86
	EndGlobalSection
	GlobalSection(SolutionProperties) = preSolution
		HideSolutionNode = FALSE
	EndGlobalSection
	GlobalSection(ExtensibilityGlobals) = postSolution
		SolutionGuid = {13E1E45A-01B4-4AC3-B79C-2E13FDB5F9E2}
	EndGlobalSection
EndGlobal
