<?xml version="1.0" encoding="utf-8"?>
<Project ToolsVersion="4.0" xmlns="http://schemas.microsoft.com/developer/msbuild/2003">
  <ItemGroup>
    <ClCompile Include="logFiles.cpp" />
    <ClCompile Include="my_functions.cpp" />
    <ClCompile Include="prnPrint_linux.cpp" />
    <ClCompile Include="prnPrintFilterTable.cpp" />
    <ClCompile Include="prnPrintSettings.cpp" />
    <ClCompile Include="ris_priorities_linux.cpp" />
    <ClCompile Include="risAlphaDir_linux.cpp" />
    <ClCompile Include="risByteBuffer.cpp" />
    <ClCompile Include="risByteMsgMonkey.cpp" />
    <ClCompile Include="risCmdLineCmd.cpp" />
    <ClCompile Include="risCmdLineConsole.cpp" />
    <ClCompile Include="risCmdLineExec.cpp" />
    <ClCompile Include="risCmdLineFile.cpp" />
    <ClCompile Include="risCmdLineParms.cpp" />
    <ClCompile Include="risCmdLineString.cpp" />
    <ClCompile Include="risCmdLineTables.cpp" />
    <ClCompile Include="risLMPacketQueue.cpp" />
    <ClCompile Include="risLogic.cpp" />
    <ClCompile Include="risNanoTime.cpp" />
    <ClCompile Include="risNetSessionStateList.cpp" />
    <ClCompile Include="risNetSettings.cpp" />
    <ClCompile Include="risNetTcpMsgClientThread.cpp" />
    <ClCompile Include="risNetTcpMsgServerThread.cpp" />
    <ClCompile Include="risNetTcpMsgSocket.cpp" />
    <ClCompile Include="risNetTcpServerHubSocket.cpp" />
    <ClCompile Include="risNetUdpMsgSocket.cpp" />
    <ClCompile Include="risNetUdpMsgThread.cpp" />
    <ClCompile Include="risNetUdpStringSocket.cpp" />
    <ClCompile Include="risPointerStack.cpp" />
    <ClCompile Include="risPortableCalls_linux.cpp" />
    <ClCompile Include="risProgramTime.cpp" />
    <ClCompile Include="risSockets_linux.cpp" />
    <ClCompile Include="risStatistics.cpp" />
    <ClCompile Include="risThreadsProcess_linux.cpp" />
    <ClCompile Include="risThreadsQCallThread.cpp" />
    <ClCompile Include="risThreadsSynch_linux.cpp" />
    <ClCompile Include="risThreadsThreads_linux.cpp" />
    <ClCompile Include="risThreadsTimer_linux.cpp" />
    <ClCompile Include="risThreadsTimerThread.cpp" />
    <ClCompile Include="risThreadsTwoThread.cpp" />
    <ClCompile Include="risTimeMarker.cpp" />
    <ClCompile Include="stdafx.cpp" />
  </ItemGroup>
  <ItemGroup>
    <ClInclude Include="logFiles.h" />
    <ClInclude Include="my_defs.h" />
    <ClInclude Include="my_functions.h" />
    <ClInclude Include="prnPrint.h" />
    <ClInclude Include="prnPrintFilters.h" />
    <ClInclude Include="prnPrintFilterTable.h" />
    <ClInclude Include="prnPrintSettings.h" />
    <ClInclude Include="ris_priorities.h" />
    <ClInclude Include="risAlphaDir.h" />
    <ClInclude Include="risByteBuffer.h" />
    <ClInclude Include="risByteContent.h" />
    <ClInclude Include="risByteMsgMonkey.h" />
    <ClInclude Include="risCallPointer.h" />
    <ClInclude Include="risCmdLineCmd.h" />
    <ClInclude Include="risCmdLineConsole.h" />
    <ClInclude Include="risCmdLineExec.h" />
    <ClInclude Include="risCmdLineFile.h" />
    <ClInclude Include="risCmdLineParms.h" />
    <ClInclude Include="risCmdLineString.h" />
    <ClInclude Include="risCmdLineTables.h" />
    <ClInclude Include="risContainers.h" />
    <ClInclude Include="risContainers2.h" />
    <ClInclude Include="risLFIndex.h" />
    <ClInclude Include="risLMPacketQueue.h" />
    <ClInclude Include="risLogic.h" />
    <ClInclude Include="risMemoryPtr.h" />
    <ClInclude Include="risNanoTime.h" />
    <ClInclude Include="risNetPortDef.h" />
    <ClInclude Include="risNetSessionStateList.h" />
    <ClInclude Include="risNetSettings.h" />
    <ClInclude Include="risNetTcpMsgClientThread.h" />
    <ClInclude Include="risNetTcpMsgServerThread.h" />
    <ClInclude Include="risNetTcpMsgSocket.h" />
    <ClInclude Include="risNetTcpServerHubSocket.h" />
    <ClInclude Include="risNetUdpMsgSocket.h" />
    <ClInclude Include="risNetUdpMsgThread.h" />
    <ClInclude Include="risNetUdpStringSocket.h" />
    <ClInclude Include="risPointerStack.h" />
    <ClInclude Include="risPortableCalls.h" />
    <ClInclude Include="risPortableTypes.h" />
    <ClInclude Include="risProgramTime.h" />
    <ClInclude Include="risSockets.h" />
    <ClInclude Include="risStatistics.h" />
    <ClInclude Include="risThreadsProcess.h" />
    <ClInclude Include="risThreadsQCall.h" />
    <ClInclude Include="risThreadsQCallThread.h" />
    <ClInclude Include="risThreadsQueue.h" />
    <ClInclude Include="risThreadsSynch.h" />
    <ClInclude Include="risThreadsThreads.h" />
    <ClInclude Include="risThreadsTimer.h" />
    <ClInclude Include="risThreadsTimerThread.h" />
    <ClInclude Include="risThreadsTwoThread.h" />
    <ClInclude Include="risTimeMarker.h" />
    <ClInclude Include="stdafx.h" />
  </ItemGroup>
</Project>