<?xml version="1.0" encoding="utf-8"?>
<Project ToolsVersion="4.0" xmlns="http://schemas.microsoft.com/developer/msbuild/2003">
  <ItemGroup>
    <ClCompile Include="CmdLineExec.cpp" />
    <ClCompile Include="Main.cpp" />
    <ClCompile Include="MainInit.cpp" />
    <ClCompile Include="stdafx.cpp" />
    <ClCompile Include="GSettings.cpp" />
    <ClCompile Include="someClass1.cpp" />
    <ClCompile Include="someQCallThread1.cpp" />
    <ClCompile Include="someTimerThread1.cpp" />
  </ItemGroup>
  <ItemGroup>
    <ClInclude Include="CmdLineExec.h" />
    <ClInclude Include="MainInit.h" />
    <ClInclude Include="stdafx.h" />
    <ClInclude Include="GSettings.h" />
    <ClInclude Include="someClass1.h" />
    <ClInclude Include="someQCallThread1.h" />
    <ClInclude Include="someTimerThread1.h" />
  </ItemGroup>
</Project>